
Microsoft Visual Studio Solution File, Format Version 12.00
# Visual Studio Version 17
VisualStudioVersion = 17.12.35521.163 d17.12
MinimumVisualStudioVersion = 10.0.40219.1
Project("{FAE04EC0-301F-11D3-BF4B-00C04F79EFBC}") = "3d_surface_area", "3d_surface_area\3d_surface_area.csproj", "{B6E93055-E556-41EB-AD53-70851E169B53}"
EndProject
Global
	GlobalSection(SolutionConfigurationPlatforms) = preSolution
		Debug|Any CPU = Debug|Any CPU
		Release|Any CPU = Release|Any CPU
	EndGlobalSection
	GlobalSection(ProjectConfigurationPlatforms) = postSolution
		{B6E93055-E556-41EB-AD53-70851E169B53}.Debug|Any CPU.ActiveCfg = Debug|Any CPU
		{B6E93055-E556-41EB-AD53-70851E169B53}.Debug|Any CPU.Build.0 = Debug|Any CPU
		{B6E93055-E556-41EB-AD53-70851E169B53}.Release|Any CPU.ActiveCfg = Release|Any CPU
		{B6E93055-E556-41EB-AD53-70851E169B53}.Release|Any CPU.Build.0 = Release|Any CPU
	EndGlobalSection
	GlobalSection(SolutionProperties) = preSolution
		HideSolutionNode = FALSE
	EndGlobalSection
EndGlobal
